
Microsoft Visual Studio Solution File, Format Version 12.00
# Visual Studio Version 17
VisualStudioVersion = 17.0.31903.59
MinimumVisualStudioVersion = 10.0.40219.1
Project("{FAE04EC0-301F-11D3-BF4B-00C04F79EFBC}") = "wordy", "src\wordy.csproj", "{23DA3296-F106-4041-A94A-38A53829EF12}"
EndProject
Project("{FAE04EC0-301F-11D3-BF4B-00C04F79EFBC}") = "web", "web\web.csproj", "{27904739-F356-4536-8AA1-CAC1F714C666}"
EndProject
Project("{FAE04EC0-301F-11D3-BF4B-00C04F79EFBC}") = "cli", "cli\cli.csproj", "{63451057-A840-4ED7-B01D-78D040E75480}"
EndProject
Global
	GlobalSection(SolutionConfigurationPlatforms) = preSolution
		Debug|Any CPU = Debug|Any CPU
		Release|Any CPU = Release|Any CPU
	EndGlobalSection
	GlobalSection(SolutionProperties) = preSolution
		HideSolutionNode = FALSE
	EndGlobalSection
	GlobalSection(ProjectConfigurationPlatforms) = postSolution
		{23DA3296-F106-4041-A94A-38A53829EF12}.Debug|Any CPU.ActiveCfg = Debug|Any CPU
		{23DA3296-F106-4041-A94A-38A53829EF12}.Debug|Any CPU.Build.0 = Debug|Any CPU
		{23DA3296-F106-4041-A94A-38A53829EF12}.Release|Any CPU.ActiveCfg = Release|Any CPU
		{23DA3296-F106-4041-A94A-38A53829EF12}.Release|Any CPU.Build.0 = Release|Any CPU
		{27904739-F356-4536-8AA1-CAC1F714C666}.Debug|Any CPU.ActiveCfg = Debug|Any CPU
		{27904739-F356-4536-8AA1-CAC1F714C666}.Debug|Any CPU.Build.0 = Debug|Any CPU
		{27904739-F356-4536-8AA1-CAC1F714C666}.Release|Any CPU.ActiveCfg = Release|Any CPU
		{27904739-F356-4536-8AA1-CAC1F714C666}.Release|Any CPU.Build.0 = Release|Any CPU
		{63451057-A840-4ED7-B01D-78D040E75480}.Debug|Any CPU.ActiveCfg = Debug|Any CPU
		{63451057-A840-4ED7-B01D-78D040E75480}.Debug|Any CPU.Build.0 = Debug|Any CPU
		{63451057-A840-4ED7-B01D-78D040E75480}.Release|Any CPU.ActiveCfg = Release|Any CPU
		{63451057-A840-4ED7-B01D-78D040E75480}.Release|Any CPU.Build.0 = Release|Any CPU
	EndGlobalSection
EndGlobal
